
Microsoft Visual Studio Solution File, Format Version 12.00
# Visual Studio 15
VisualStudioVersion = 15.0.27428.2043
MinimumVisualStudioVersion = 10.0.40219.1
Project("{9A19103F-16F7-4668-BE54-9A1E7A4F7556}") = "OverViewConsoleApp", "OverViewConsoleApp\OverViewConsoleApp.csproj", "{6DB679AA-A08F-45F3-9AB0-AC81F87A8DAA}"
EndProject
Project("{9A19103F-16F7-4668-BE54-9A1E7A4F7556}") = "OverViewWebApplicaiton", "OverViewWebApplicaiton\OverViewWebApplicaiton.csproj", "{BA0EC1A3-989E-46A2-912B-9C8CAA595896}"
EndProject
Project("{9A19103F-16F7-4668-BE54-9A1E7A4F7556}") = "HttpClientGetLryic", "HttpClientGetLryic\HttpClientGetLryic.csproj", "{A924C352-A160-4B6E-9373-A4A8AC1E662C}"
EndProject
Project("{9A19103F-16F7-4668-BE54-9A1E7A4F7556}") = "EFCoreOverview", "EFCoreOverview\EFCoreOverview.csproj", "{6767CCB7-3A27-44AF-9B95-CB9267306A39}"
EndProject
Global
	GlobalSection(SolutionConfigurationPlatforms) = preSolution
		Debug|Any CPU = Debug|Any CPU
		Release|Any CPU = Release|Any CPU
	EndGlobalSection
	GlobalSection(ProjectConfigurationPlatforms) = postSolution
		{6DB679AA-A08F-45F3-9AB0-AC81F87A8DAA}.Debug|Any CPU.ActiveCfg = Debug|Any CPU
		{6DB679AA-A08F-45F3-9AB0-AC81F87A8DAA}.Debug|Any CPU.Build.0 = Debug|Any CPU
		{6DB679AA-A08F-45F3-9AB0-AC81F87A8DAA}.Release|Any CPU.ActiveCfg = Release|Any CPU
		{6DB679AA-A08F-45F3-9AB0-AC81F87A8DAA}.Release|Any CPU.Build.0 = Release|Any CPU
		{BA0EC1A3-989E-46A2-912B-9C8CAA595896}.Debug|Any CPU.ActiveCfg = Debug|Any CPU
		{BA0EC1A3-989E-46A2-912B-9C8CAA595896}.Debug|Any CPU.Build.0 = Debug|Any CPU
		{BA0EC1A3-989E-46A2-912B-9C8CAA595896}.Release|Any CPU.ActiveCfg = Release|Any CPU
		{BA0EC1A3-989E-46A2-912B-9C8CAA595896}.Release|Any CPU.Build.0 = Release|Any CPU
		{A924C352-A160-4B6E-9373-A4A8AC1E662C}.Debug|Any CPU.ActiveCfg = Debug|Any CPU
		{A924C352-A160-4B6E-9373-A4A8AC1E662C}.Debug|Any CPU.Build.0 = Debug|Any CPU
		{A924C352-A160-4B6E-9373-A4A8AC1E662C}.Release|Any CPU.ActiveCfg = Release|Any CPU
		{A924C352-A160-4B6E-9373-A4A8AC1E662C}.Release|Any CPU.Build.0 = Release|Any CPU
		{6767CCB7-3A27-44AF-9B95-CB9267306A39}.Debug|Any CPU.ActiveCfg = Debug|Any CPU
		{6767CCB7-3A27-44AF-9B95-CB9267306A39}.Debug|Any CPU.Build.0 = Debug|Any CPU
		{6767CCB7-3A27-44AF-9B95-CB9267306A39}.Release|Any CPU.ActiveCfg = Release|Any CPU
		{6767CCB7-3A27-44AF-9B95-CB9267306A39}.Release|Any CPU.Build.0 = Release|Any CPU
	EndGlobalSection
	GlobalSection(SolutionProperties) = preSolution
		HideSolutionNode = FALSE
	EndGlobalSection
	GlobalSection(ExtensibilityGlobals) = postSolution
		SolutionGuid = {BD9D9CC1-4A93-4BA7-BF35-D30BBE9E2DB3}
	EndGlobalSection
EndGlobal
